
Microsoft Visual Studio Solution File, Format Version 12.00
# Visual Studio Version 17
VisualStudioVersion = 17.3.32922.545
MinimumVisualStudioVersion = 10.0.40219.1
Project("{FAE04EC0-301F-11D3-BF4B-00C04F79EFBC}") = "WebApplicationEmployeeManagement", "WebApplicationEmployeeManagement\WebApplicationEmployeeManagement.csproj", "{49CE2B1E-7A00-4DDA-8602-D8BFE0394A14}"
EndProject
Project("{FAE04EC0-301F-11D3-BF4B-00C04F79EFBC}") = "DAL", "DAL\DAL.csproj", "{557E44D9-9812-404F-B03D-1A5E592DE3BE}"
EndProject
Project("{FAE04EC0-301F-11D3-BF4B-00C04F79EFBC}") = "BLL", "BLL\BLL.csproj", "{E016B502-4D0E-4318-A723-CE9D9A936C2F}"
EndProject
Global
	GlobalSection(SolutionConfigurationPlatforms) = preSolution
		Debug|Any CPU = Debug|Any CPU
		Release|Any CPU = Release|Any CPU
	EndGlobalSection
	GlobalSection(ProjectConfigurationPlatforms) = postSolution
		{49CE2B1E-7A00-4DDA-8602-D8BFE0394A14}.Debug|Any CPU.ActiveCfg = Debug|Any CPU
		{49CE2B1E-7A00-4DDA-8602-D8BFE0394A14}.Debug|Any CPU.Build.0 = Debug|Any CPU
		{49CE2B1E-7A00-4DDA-8602-D8BFE0394A14}.Release|Any CPU.ActiveCfg = Release|Any CPU
		{49CE2B1E-7A00-4DDA-8602-D8BFE0394A14}.Release|Any CPU.Build.0 = Release|Any CPU
		{557E44D9-9812-404F-B03D-1A5E592DE3BE}.Debug|Any CPU.ActiveCfg = Debug|Any CPU
		{557E44D9-9812-404F-B03D-1A5E592DE3BE}.Debug|Any CPU.Build.0 = Debug|Any CPU
		{557E44D9-9812-404F-B03D-1A5E592DE3BE}.Release|Any CPU.ActiveCfg = Release|Any CPU
		{557E44D9-9812-404F-B03D-1A5E592DE3BE}.Release|Any CPU.Build.0 = Release|Any CPU
		{E016B502-4D0E-4318-A723-CE9D9A936C2F}.Debug|Any CPU.ActiveCfg = Debug|Any CPU
		{E016B502-4D0E-4318-A723-CE9D9A936C2F}.Debug|Any CPU.Build.0 = Debug|Any CPU
		{E016B502-4D0E-4318-A723-CE9D9A936C2F}.Release|Any CPU.ActiveCfg = Release|Any CPU
		{E016B502-4D0E-4318-A723-CE9D9A936C2F}.Release|Any CPU.Build.0 = Release|Any CPU
	EndGlobalSection
	GlobalSection(SolutionProperties) = preSolution
		HideSolutionNode = FALSE
	EndGlobalSection
	GlobalSection(ExtensibilityGlobals) = postSolution
		SolutionGuid = {17062E76-F09F-4F38-9792-FE53C7D2FC86}
	EndGlobalSection
EndGlobal
